
Microsoft Visual Studio Solution File, Format Version 12.00
# Visual Studio 15
VisualStudioVersion = 15.0.28307.1500
MinimumVisualStudioVersion = 10.0.40219.1
Project("{FAE04EC0-301F-11D3-BF4B-00C04F79EFBC}") = "Assembly-CSharp", "Assembly-CSharp.csproj", "{4D71F926-5FDB-9903-9164-856106F0DF92}"
EndProject
Global
	GlobalSection(SolutionConfigurationPlatforms) = preSolution
		Debug|Any CPU = Debug|Any CPU
		Release|Any CPU = Release|Any CPU
	EndGlobalSection
	GlobalSection(ProjectConfigurationPlatforms) = postSolution
		{4D71F926-5FDB-9903-9164-856106F0DF92}.Debug|Any CPU.ActiveCfg = Debug|Any CPU
		{4D71F926-5FDB-9903-9164-856106F0DF92}.Debug|Any CPU.Build.0 = Debug|Any CPU
		{4D71F926-5FDB-9903-9164-856106F0DF92}.Release|Any CPU.ActiveCfg = Release|Any CPU
		{4D71F926-5FDB-9903-9164-856106F0DF92}.Release|Any CPU.Build.0 = Release|Any CPU
	EndGlobalSection
	GlobalSection(SolutionProperties) = preSolution
		HideSolutionNode = FALSE
	EndGlobalSection
	GlobalSection(ExtensibilityGlobals) = postSolution
		SolutionGuid = {277D3155-B58B-4DC8-8E47-D4962F9FF037}
	EndGlobalSection
EndGlobal
